
Microsoft Visual Studio Solution File, Format Version 12.00
# Visual Studio Version 17
VisualStudioVersion = 17.2.32516.85
MinimumVisualStudioVersion = 10.0.40219.1
Project("{888888A0-9F3D-457C-B088-3A5042F75D52}") = "login_web", "login_web\login_web.pyproj", "{03445268-82C0-4439-8A23-31D60C7821CD}"
EndProject
Global
	GlobalSection(SolutionConfigurationPlatforms) = preSolution
		Debug|Any CPU = Debug|Any CPU
		Release|Any CPU = Release|Any CPU
	EndGlobalSection
	GlobalSection(ProjectConfigurationPlatforms) = postSolution
		{03445268-82C0-4439-8A23-31D60C7821CD}.Debug|Any CPU.ActiveCfg = Debug|Any CPU
		{03445268-82C0-4439-8A23-31D60C7821CD}.Release|Any CPU.ActiveCfg = Release|Any CPU
	EndGlobalSection
	GlobalSection(SolutionProperties) = preSolution
		HideSolutionNode = FALSE
	EndGlobalSection
	GlobalSection(ExtensibilityGlobals) = postSolution
		SolutionGuid = {DC485FBD-F43F-4553-8ECD-938BC3D6110A}
	EndGlobalSection
EndGlobal
